// !$*UTF8*$!
{
	archiveVersion = 1;
	classes = {
	};
	objectVersion = 46;
	objects = {

/* Begin PBXBuildFile section */
		48C30D0819380EC9009E4206 /* Foundation.framework in Frameworks */ = {isa = PBXBuildFile; fileRef = 48C30D0719380EC9009E4206 /* Foundation.framework */; };
		48C30D0A19380EC9009E4206 /* CoreGraphics.framework in Frameworks */ = {isa = PBXBuildFile; fileRef = 48C30D0919380EC9009E4206 /* CoreGraphics.framework */; };
		48C30D0C19380EC9009E4206 /* UIKit.framework in Frameworks */ = {isa = PBXBuildFile; fileRef = 48C30D0B19380EC9009E4206 /* UIKit.framework */; };
		48C30D1219380EC9009E4206 /* InfoPlist.strings in Resources */ = {isa = PBXBuildFile; fileRef = 48C30D1019380EC9009E4206 /* InfoPlist.strings */; };
		48C30D1419380EC9009E4206 /* main.m in Sources */ = {isa = PBXBuildFile; fileRef = 48C30D1319380EC9009E4206 /* main.m */; };
		48C30D1819380EC9009E4206 /* AppDelegate.m in Sources */ = {isa = PBXBuildFile; fileRef = 48C30D1719380EC9009E4206 /* AppDelegate.m */; };
		48C30D1A19380EC9009E4206 /* Images.xcassets in Resources */ = {isa = PBXBuildFile; fileRef = 48C30D1919380EC9009E4206 /* Images.xcassets */; };
		48C30D2119380EC9009E4206 /* XCTest.framework in Frameworks */ = {isa = PBXBuildFile; fileRef = 48C30D2019380EC9009E4206 /* XCTest.framework */; };
		48C30D2219380EC9009E4206 /* Foundation.framework in Frameworks */ = {isa = PBXBuildFile; fileRef = 48C30D0719380EC9009E4206 /* Foundation.framework */; };
		48C30D2319380EC9009E4206 /* UIKit.framework in Frameworks */ = {isa = PBXBuildFile; fileRef = 48C30D0B19380EC9009E4206 /* UIKit.framework */; };
		48C30D2B19380EC9009E4206 /* InfoPlist.strings in Resources */ = {isa = PBXBuildFile; fileRef = 48C30D2919380EC9009E4206 /* InfoPlist.strings */; };
		48C30D2D19380EC9009E4206 /* NativeProjectBootstrapTests.m in Sources */ = {isa = PBXBuildFile; fileRef = 48C30D2C19380EC9009E4206 /* NativeProjectBootstrapTests.m */; };
		48C30DD3193832C5009E4206 /* Storyboard.storyboard in Resources */ = {isa = PBXBuildFile; fileRef = 48C30DD2193832C5009E4206 /* Storyboard.storyboard */; };
		48C30DD7193838DE009E4206 /* libNativeProjectLib.a in Frameworks */ = {isa = PBXBuildFile; fileRef = 48C30DD6193838DE009E4206 /* libNativeProjectLib.a */; };
/* End PBXBuildFile section */

/* Begin PBXContainerItemProxy section */
		48C30D2419380EC9009E4206 /* PBXContainerItemProxy */ = {
			isa = PBXContainerItemProxy;
			containerPortal = 48C30CFC19380EC9009E4206 /* Project object */;
			proxyType = 1;
			remoteGlobalIDString = 48C30D0319380EC9009E4206;
			remoteInfo = NativeProjectBootstrap;
		};
/* End PBXContainerItemProxy section */

/* Begin PBXFileReference section */
		48C30D0419380EC9009E4206 /* NativeProjectBootstrap.app */ = {isa = PBXFileReference; explicitFileType = wrapper.application; includeInIndex = 0; path = NativeProjectBootstrap.app; sourceTree = BUILT_PRODUCTS_DIR; };
		48C30D0719380EC9009E4206 /* Foundation.framework */ = {isa = PBXFileReference; lastKnownFileType = wrapper.framework; name = Foundation.framework; path = System/Library/Frameworks/Foundation.framework; sourceTree = SDKROOT; };
		48C30D0919380EC9009E4206 /* CoreGraphics.framework */ = {isa = PBXFileReference; lastKnownFileType = wrapper.framework; name = CoreGraphics.framework; path = System/Library/Frameworks/CoreGraphics.framework; sourceTree = SDKROOT; };
		48C30D0B19380EC9009E4206 /* UIKit.framework */ = {isa = PBXFileReference; lastKnownFileType = wrapper.framework; name = UIKit.framework; path = System/Library/Frameworks/UIKit.framework; sourceTree = SDKROOT; };
		48C30D0F19380EC9009E4206 /* NativeProjectBootstrap-Info.plist */ = {isa = PBXFileReference; lastKnownFileType = text.plist.xml; path = "NativeProjectBootstrap-Info.plist"; sourceTree = "<group>"; };
		48C30D1119380EC9009E4206 /* en */ = {isa = PBXFileReference; lastKnownFileType = text.plist.strings; name = en; path = en.lproj/InfoPlist.strings; sourceTree = "<group>"; };
		48C30D1319380EC9009E4206 /* main.m */ = {isa = PBXFileReference; lastKnownFileType = sourcecode.c.objc; path = main.m; sourceTree = "<group>"; };
		48C30D1519380EC9009E4206 /* NativeProjectBootstrap-Prefix.pch */ = {isa = PBXFileReference; lastKnownFileType = sourcecode.c.h; path = "NativeProjectBootstrap-Prefix.pch"; sourceTree = "<group>"; };
		48C30D1619380EC9009E4206 /* AppDelegate.h */ = {isa = PBXFileReference; lastKnownFileType = sourcecode.c.h; path = AppDelegate.h; sourceTree = "<group>"; };
		48C30D1719380EC9009E4206 /* AppDelegate.m */ = {isa = PBXFileReference; lastKnownFileType = sourcecode.c.objc; path = AppDelegate.m; sourceTree = "<group>"; };
		48C30D1919380EC9009E4206 /* Images.xcassets */ = {isa = PBXFileReference; lastKnownFileType = folder.assetcatalog; path = Images.xcassets; sourceTree = "<group>"; };
		48C30D1F19380EC9009E4206 /* NativeProjectBootstrapTests.xctest */ = {isa = PBXFileReference; explicitFileType = wrapper.cfbundle; includeInIndex = 0; path = NativeProjectBootstrapTests.xctest; sourceTree = BUILT_PRODUCTS_DIR; };
		48C30D2019380EC9009E4206 /* XCTest.framework */ = {isa = PBXFileReference; lastKnownFileType = wrapper.framework; name = XCTest.framework; path = Library/Frameworks/XCTest.framework; sourceTree = DEVELOPER_DIR; };
		48C30D2819380EC9009E4206 /* NativeProjectBootstrapTests-Info.plist */ = {isa = PBXFileReference; lastKnownFileType = text.plist.xml; path = "NativeProjectBootstrapTests-Info.plist"; sourceTree = "<group>"; };
		48C30D2A19380EC9009E4206 /* en */ = {isa = PBXFileReference; lastKnownFileType = text.plist.strings; name = en; path = en.lproj/InfoPlist.strings; sourceTree = "<group>"; };
		48C30D2C19380EC9009E4206 /* NativeProjectBootstrapTests.m */ = {isa = PBXFileReference; lastKnownFileType = sourcecode.c.objc; path = NativeProjectBootstrapTests.m; sourceTree = "<group>"; };
		48C30DD2193832C5009E4206 /* Storyboard.storyboard */ = {isa = PBXFileReference; lastKnownFileType = file.storyboard; name = Storyboard.storyboard; path = ../NativeProjectLib/Storyboard.storyboard; sourceTree = "<group>"; };
		48C30DD6193838DE009E4206 /* libNativeProjectLib.a */ = {isa = PBXFileReference; lastKnownFileType = archive.ar; name = libNativeProjectLib.a; path = "../NativeProjectLib/build/Debug-iphoneos/libNativeProjectLib.a"; sourceTree = "<group>"; };
/* End PBXFileReference section */

/* Begin PBXFrameworksBuildPhase section */
		48C30D0119380EC9009E4206 /* Frameworks */ = {
			isa = PBXFrameworksBuildPhase;
			buildActionMask = 2147483647;
			files = (
				48C30DD7193838DE009E4206 /* libNativeProjectLib.a in Frameworks */,
				48C30D0A19380EC9009E4206 /* CoreGraphics.framework in Frameworks */,
				48C30D0C19380EC9009E4206 /* UIKit.framework in Frameworks */,
				48C30D0819380EC9009E4206 /* Foundation.framework in Frameworks */,
			);
			runOnlyForDeploymentPostprocessing = 0;
		};
		48C30D1C19380EC9009E4206 /* Frameworks */ = {
			isa = PBXFrameworksBuildPhase;
			buildActionMask = 2147483647;
			files = (
				48C30D2119380EC9009E4206 /* XCTest.framework in Frameworks */,
				48C30D2319380EC9009E4206 /* UIKit.framework in Frameworks */,
				48C30D2219380EC9009E4206 /* Foundation.framework in Frameworks */,
			);
			runOnlyForDeploymentPostprocessing = 0;
		};
/* End PBXFrameworksBuildPhase section */

/* Begin PBXGroup section */
		48C30CFB19380EC9009E4206 = {
			isa = PBXGroup;
			children = (
				48C30DD2193832C5009E4206 /* Storyboard.storyboard */,
				48C30D0D19380EC9009E4206 /* NativeProjectBootstrap */,
				48C30D2619380EC9009E4206 /* NativeProjectBootstrapTests */,
				48C30D0619380EC9009E4206 /* Frameworks */,
				48C30D0519380EC9009E4206 /* Products */,
			);
			sourceTree = "<group>";
		};
		48C30D0519380EC9009E4206 /* Products */ = {
			isa = PBXGroup;
			children = (
				48C30D0419380EC9009E4206 /* NativeProjectBootstrap.app */,
				48C30D1F19380EC9009E4206 /* NativeProjectBootstrapTests.xctest */,
			);
			name = Products;
			sourceTree = "<group>";
		};
		48C30D0619380EC9009E4206 /* Frameworks */ = {
			isa = PBXGroup;
			children = (
				48C30DD6193838DE009E4206 /* libNativeProjectLib.a */,
				48C30D0719380EC9009E4206 /* Foundation.framework */,
				48C30D0919380EC9009E4206 /* CoreGraphics.framework */,
				48C30D0B19380EC9009E4206 /* UIKit.framework */,
				48C30D2019380EC9009E4206 /* XCTest.framework */,
			);
			name = Frameworks;
			sourceTree = "<group>";
		};
		48C30D0D19380EC9009E4206 /* NativeProjectBootstrap */ = {
			isa = PBXGroup;
			children = (
				48C30D1619380EC9009E4206 /* AppDelegate.h */,
				48C30D1719380EC9009E4206 /* AppDelegate.m */,
				48C30D1919380EC9009E4206 /* Images.xcassets */,
				48C30D0E19380EC9009E4206 /* Supporting Files */,
			);
			path = NativeProjectBootstrap;
			sourceTree = "<group>";
		};
		48C30D0E19380EC9009E4206 /* Supporting Files */ = {
			isa = PBXGroup;
			children = (
				48C30D0F19380EC9009E4206 /* NativeProjectBootstrap-Info.plist */,
				48C30D1019380EC9009E4206 /* InfoPlist.strings */,
				48C30D1319380EC9009E4206 /* main.m */,
				48C30D1519380EC9009E4206 /* NativeProjectBootstrap-Prefix.pch */,
			);
			name = "Supporting Files";
			sourceTree = "<group>";
		};
		48C30D2619380EC9009E4206 /* NativeProjectBootstrapTests */ = {
			isa = PBXGroup;
			children = (
				48C30D2C19380EC9009E4206 /* NativeProjectBootstrapTests.m */,
				48C30D2719380EC9009E4206 /* Supporting Files */,
			);
			path = NativeProjectBootstrapTests;
			sourceTree = "<group>";
		};
		48C30D2719380EC9009E4206 /* Supporting Files */ = {
			isa = PBXGroup;
			children = (
				48C30D2819380EC9009E4206 /* NativeProjectBootstrapTests-Info.plist */,
				48C30D2919380EC9009E4206 /* InfoPlist.strings */,
			);
			name = "Supporting Files";
			sourceTree = "<group>";
		};
/* End PBXGroup section */

/* Begin PBXNativeTarget section */
		48C30D0319380EC9009E4206 /* NativeProjectBootstrap */ = {
			isa = PBXNativeTarget;
			buildConfigurationList = 48C30D3019380EC9009E4206 /* Build configuration list for PBXNativeTarget "NativeProjectBootstrap" */;
			buildPhases = (
				48C30D0019380EC9009E4206 /* Sources */,
				48C30D0119380EC9009E4206 /* Frameworks */,
				48C30D0219380EC9009E4206 /* Resources */,
			);
			buildRules = (
			);
			dependencies = (
			);
			name = NativeProjectBootstrap;
			productName = NativeProjectBootstrap;
			productReference = 48C30D0419380EC9009E4206 /* NativeProjectBootstrap.app */;
			productType = "com.apple.product-type.application";
		};
		48C30D1E19380EC9009E4206 /* NativeProjectBootstrapTests */ = {
			isa = PBXNativeTarget;
			buildConfigurationList = 48C30D3319380EC9009E4206 /* Build configuration list for PBXNativeTarget "NativeProjectBootstrapTests" */;
			buildPhases = (
				48C30D1B19380EC9009E4206 /* Sources */,
				48C30D1C19380EC9009E4206 /* Frameworks */,
				48C30D1D19380EC9009E4206 /* Resources */,
			);
			buildRules = (
			);
			dependencies = (
				48C30D2519380EC9009E4206 /* PBXTargetDependency */,
			);
			name = NativeProjectBootstrapTests;
			productName = NativeProjectBootstrapTests;
			productReference = 48C30D1F19380EC9009E4206 /* NativeProjectBootstrapTests.xctest */;
			productType = "com.apple.product-type.bundle.unit-test";
		};
/* End PBXNativeTarget section */

/* Begin PBXProject section */
		48C30CFC19380EC9009E4206 /* Project object */ = {
			isa = PBXProject;
			attributes = {
				LastUpgradeCheck = 0510;
				ORGANIZATIONNAME = "Fancy Pants Games";
				TargetAttributes = {
					48C30D1E19380EC9009E4206 = {
						TestTargetID = 48C30D0319380EC9009E4206;
					};
				};
			};
			buildConfigurationList = 48C30CFF19380EC9009E4206 /* Build configuration list for PBXProject "NativeProjectBootstrap" */;
			compatibilityVersion = "Xcode 3.2";
			developmentRegion = English;
			hasScannedForEncodings = 0;
			knownRegions = (
				en,
			);
			mainGroup = 48C30CFB19380EC9009E4206;
			productRefGroup = 48C30D0519380EC9009E4206 /* Products */;
			projectDirPath = "";
			projectRoot = "";
			targets = (
				48C30D0319380EC9009E4206 /* NativeProjectBootstrap */,
				48C30D1E19380EC9009E4206 /* NativeProjectBootstrapTests */,
			);
		};
/* End PBXProject section */

/* Begin PBXResourcesBuildPhase section */
		48C30D0219380EC9009E4206 /* Resources */ = {
			isa = PBXResourcesBuildPhase;
			buildActionMask = 2147483647;
			files = (
				48C30DD3193832C5009E4206 /* Storyboard.storyboard in Resources */,
				48C30D1219380EC9009E4206 /* InfoPlist.strings in Resources */,
				48C30D1A19380EC9009E4206 /* Images.xcassets in Resources */,
			);
			runOnlyForDeploymentPostprocessing = 0;
		};
		48C30D1D19380EC9009E4206 /* Resources */ = {
			isa = PBXResourcesBuildPhase;
			buildActionMask = 2147483647;
			files = (
				48C30D2B19380EC9009E4206 /* InfoPlist.strings in Resources */,
			);
			runOnlyForDeploymentPostprocessing = 0;
		};
/* End PBXResourcesBuildPhase section */

/* Begin PBXSourcesBuildPhase section */
		48C30D0019380EC9009E4206 /* Sources */ = {
			isa = PBXSourcesBuildPhase;
			buildActionMask = 2147483647;
			files = (
				48C30D1819380EC9009E4206 /* AppDelegate.m in Sources */,
				48C30D1419380EC9009E4206 /* main.m in Sources */,
			);
			runOnlyForDeploymentPostprocessing = 0;
		};
		48C30D1B19380EC9009E4206 /* Sources */ = {
			isa = PBXSourcesBuildPhase;
			buildActionMask = 2147483647;
			files = (
				48C30D2D19380EC9009E4206 /* NativeProjectBootstrapTests.m in Sources */,
			);
			runOnlyForDeploymentPostprocessing = 0;
		};
/* End PBXSourcesBuildPhase section */

/* Begin PBXTargetDependency section */
		48C30D2519380EC9009E4206 /* PBXTargetDependency */ = {
			isa = PBXTargetDependency;
			target = 48C30D0319380EC9009E4206 /* NativeProjectBootstrap */;
			targetProxy = 48C30D2419380EC9009E4206 /* PBXContainerItemProxy */;
		};
/* End PBXTargetDependency section */

/* Begin PBXVariantGroup section */
		48C30D1019380EC9009E4206 /* InfoPlist.strings */ = {
			isa = PBXVariantGroup;
			children = (
				48C30D1119380EC9009E4206 /* en */,
			);
			name = InfoPlist.strings;
			sourceTree = "<group>";
		};
		48C30D2919380EC9009E4206 /* InfoPlist.strings */ = {
			isa = PBXVariantGroup;
			children = (
				48C30D2A19380EC9009E4206 /* en */,
			);
			name = InfoPlist.strings;
			sourceTree = "<group>";
		};
/* End PBXVariantGroup section */

/* Begin XCBuildConfiguration section */
		48C30D2E19380EC9009E4206 /* Debug */ = {
			isa = XCBuildConfiguration;
			buildSettings = {
				ALWAYS_SEARCH_USER_PATHS = NO;
				CLANG_CXX_LANGUAGE_STANDARD = "gnu++0x";
				CLANG_CXX_LIBRARY = "libc++";
				CLANG_ENABLE_MODULES = YES;
				CLANG_ENABLE_OBJC_ARC = YES;
				CLANG_WARN_BOOL_CONVERSION = YES;
				CLANG_WARN_CONSTANT_CONVERSION = YES;
				CLANG_WARN_DIRECT_OBJC_ISA_USAGE = YES_ERROR;
				CLANG_WARN_EMPTY_BODY = YES;
				CLANG_WARN_ENUM_CONVERSION = YES;
				CLANG_WARN_INT_CONVERSION = YES;
				CLANG_WARN_OBJC_ROOT_CLASS = YES_ERROR;
				CLANG_WARN__DUPLICATE_METHOD_MATCH = YES;
				"CODE_SIGN_IDENTITY[sdk=iphoneos*]" = "iPhone Developer";
				COPY_PHASE_STRIP = NO;
				GCC_C_LANGUAGE_STANDARD = gnu99;
				GCC_DYNAMIC_NO_PIC = NO;
				GCC_OPTIMIZATION_LEVEL = 0;
				GCC_PREPROCESSOR_DEFINITIONS = (
					"DEBUG=1",
					"$(inherited)",
				);
				GCC_SYMBOLS_PRIVATE_EXTERN = NO;
				GCC_WARN_64_TO_32_BIT_CONVERSION = YES;
				GCC_WARN_ABOUT_RETURN_TYPE = YES_ERROR;
				GCC_WARN_UNDECLARED_SELECTOR = YES;
				GCC_WARN_UNINITIALIZED_AUTOS = YES_AGGRESSIVE;
				GCC_WARN_UNUSED_FUNCTION = YES;
				GCC_WARN_UNUSED_VARIABLE = YES;
				IPHONEOS_DEPLOYMENT_TARGET = 7.1;
				ONLY_ACTIVE_ARCH = YES;
				SDKROOT = iphoneos;
				TARGETED_DEVICE_FAMILY = "1,2";
			};
			name = Debug;
		};
		48C30D2F19380EC9009E4206 /* Release */ = {
			isa = XCBuildConfiguration;
			buildSettings = {
				ALWAYS_SEARCH_USER_PATHS = NO;
				CLANG_CXX_LANGUAGE_STANDARD = "gnu++0x";
				CLANG_CXX_LIBRARY = "libc++";
				CLANG_ENABLE_MODULES = YES;
				CLANG_ENABLE_OBJC_ARC = YES;
				CLANG_WARN_BOOL_CONVERSION = YES;
				CLANG_WARN_CONSTANT_CONVERSION = YES;
				CLANG_WARN_DIRECT_OBJC_ISA_USAGE = YES_ERROR;
				CLANG_WARN_EMPTY_BODY = YES;
				CLANG_WARN_ENUM_CONVERSION = YES;
				CLANG_WARN_INT_CONVERSION = YES;
				CLANG_WARN_OBJC_ROOT_CLASS = YES_ERROR;
				CLANG_WARN__DUPLICATE_METHOD_MATCH = YES;
				"CODE_SIGN_IDENTITY[sdk=iphoneos*]" = "iPhone Developer";
				COPY_PHASE_STRIP = YES;
				ENABLE_NS_ASSERTIONS = NO;
				GCC_C_LANGUAGE_STANDARD = gnu99;
				GCC_WARN_64_TO_32_BIT_CONVERSION = YES;
				GCC_WARN_ABOUT_RETURN_TYPE = YES_ERROR;
				GCC_WARN_UNDECLARED_SELECTOR = YES;
				GCC_WARN_UNINITIALIZED_AUTOS = YES_AGGRESSIVE;
				GCC_WARN_UNUSED_FUNCTION = YES;
				GCC_WARN_UNUSED_VARIABLE = YES;
				IPHONEOS_DEPLOYMENT_TARGET = 7.1;
				SDKROOT = iphoneos;
				TARGETED_DEVICE_FAMILY = "1,2";
				VALIDATE_PRODUCT = YES;
			};
			name = Release;
		};
		48C30D3119380EC9009E4206 /* Debug */ = {
			isa = XCBuildConfiguration;
			buildSettings = {
				ALWAYS_SEARCH_USER_PATHS = YES;
				ASSETCATALOG_COMPILER_APPICON_NAME = AppIcon;
				ASSETCATALOG_COMPILER_LAUNCHIMAGE_NAME = LaunchImage;
				CLANG_ENABLE_OBJC_ARC = NO;
				GCC_PRECOMPILE_PREFIX_HEADER = YES;
				GCC_PREFIX_HEADER = "NativeProjectBootstrap/NativeProjectBootstrap-Prefix.pch";
				HEADER_SEARCH_PATHS = (
					"$(inherited)",
					/Applications/Xcode.app/Contents/Developer/Toolchains/XcodeDefault.xctoolchain/usr/include,
				);
				INFOPLIST_FILE = "NativeProjectBootstrap/NativeProjectBootstrap-Info.plist";
				LIBRARY_SEARCH_PATHS = (
					"$(inherited)",
					"$(USER_LIBRARY_DIR)/Developer/Xcode/DerivedData/NativeProject-bmjjvsxujjyzcoddtsdxvcazatha/Build/Products/Debug-iphoneos",
					"/Users/izzo/Desktop/Programming/UnityNativePrototype/NativeProject/NativeProjectLib/build/Debug-iphoneos",
				);
				OTHER_LDFLAGS = "-ObjC";
				PRODUCT_NAME = "$(TARGET_NAME)";
				REZ_SEARCH_PATHS = "";
				USER_HEADER_SEARCH_PATHS = "$(BUILT_PRODUCTS_DIR)";
				WRAPPER_EXTENSION = app;
			};
			name = Debug;
		};
		48C30D3219380EC9009E4206 /* Release */ = {
			isa = XCBuildConfiguration;
			buildSettings = {
				ALWAYS_SEARCH_USER_PATHS = YES;
				ASSETCATALOG_COMPILER_APPICON_NAME = AppIcon;
				ASSETCATALOG_COMPILER_LAUNCHIMAGE_NAME = LaunchImage;
				CLANG_ENABLE_OBJC_ARC = NO;
				GCC_PRECOMPILE_PREFIX_HEADER = YES;
				GCC_PREFIX_HEADER = "NativeProjectBootstrap/NativeProjectBootstrap-Prefix.pch";
				HEADER_SEARCH_PATHS = (
					"$(inherited)",
					/Applications/Xcode.app/Contents/Developer/Toolchains/XcodeDefault.xctoolchain/usr/include,
				);
				INFOPLIST_FILE = "NativeProjectBootstrap/NativeProjectBootstrap-Info.plist";
				LIBRARY_SEARCH_PATHS = (
					"$(inherited)",
					"$(USER_LIBRARY_DIR)/Developer/Xcode/DerivedData/NativeProject-bmjjvsxujjyzcoddtsdxvcazatha/Build/Products/Debug-iphoneos",
					"/Users/izzo/Desktop/Programming/UnityNativePrototype/NativeProject/NativeProjectLib/build/Debug-iphoneos",
				);
				OTHER_LDFLAGS = "-ObjC";
				PRODUCT_NAME = "$(TARGET_NAME)";
				REZ_SEARCH_PATHS = "";
				USER_HEADER_SEARCH_PATHS = "$(BUILT_PRODUCTS_DIR)";
				WRAPPER_EXTENSION = app;
			};
			name = Release;
		};
		48C30D3419380EC9009E4206 /* Debug */ = {
			isa = XCBuildConfiguration;
			buildSettings = {
				BUNDLE_LOADER = "$(BUILT_PRODUCTS_DIR)/NativeProjectBootstrap.app/NativeProjectBootstrap";
				FRAMEWORK_SEARCH_PATHS = (
					"$(SDKROOT)/Developer/Library/Frameworks",
					"$(inherited)",
					"$(DEVELOPER_FRAMEWORKS_DIR)",
				);
				GCC_PRECOMPILE_PREFIX_HEADER = YES;
				GCC_PREFIX_HEADER = "NativeProjectBootstrap/NativeProjectBootstrap-Prefix.pch";
				GCC_PREPROCESSOR_DEFINITIONS = (
					"DEBUG=1",
					"$(inherited)",
				);
				INFOPLIST_FILE = "NativeProjectBootstrapTests/NativeProjectBootstrapTests-Info.plist";
				PRODUCT_NAME = "$(TARGET_NAME)";
				TEST_HOST = "$(BUNDLE_LOADER)";
				WRAPPER_EXTENSION = xctest;
			};
			name = Debug;
		};
		48C30D3519380EC9009E4206 /* Release */ = {
			isa = XCBuildConfiguration;
			buildSettings = {
				BUNDLE_LOADER = "$(BUILT_PRODUCTS_DIR)/NativeProjectBootstrap.app/NativeProjectBootstrap";
				FRAMEWORK_SEARCH_PATHS = (
					"$(SDKROOT)/Developer/Library/Frameworks",
					"$(inherited)",
					"$(DEVELOPER_FRAMEWORKS_DIR)",
				);
				GCC_PRECOMPILE_PREFIX_HEADER = YES;
				GCC_PREFIX_HEADER = "NativeProjectBootstrap/NativeProjectBootstrap-Prefix.pch";
				INFOPLIST_FILE = "NativeProjectBootstrapTests/NativeProjectBootstrapTests-Info.plist";
				PRODUCT_NAME = "$(TARGET_NAME)";
				TEST_HOST = "$(BUNDLE_LOADER)";
				WRAPPER_EXTENSION = xctest;
			};
			name = Release;
		};
/* End XCBuildConfiguration section */

/* Begin XCConfigurationList section */
		48C30CFF19380EC9009E4206 /* Build configuration list for PBXProject "NativeProjectBootstrap" */ = {
			isa = XCConfigurationList;
			buildConfigurations = (
				48C30D2E19380EC9009E4206 /* Debug */,
				48C30D2F19380EC9009E4206 /* Release */,
			);
			defaultConfigurationIsVisible = 0;
			defaultConfigurationName = Release;
		};
		48C30D3019380EC9009E4206 /* Build configuration list for PBXNativeTarget "NativeProjectBootstrap" */ = {
			isa = XCConfigurationList;
			buildConfigurations = (
				48C30D3119380EC9009E4206 /* Debug */,
				48C30D3219380EC9009E4206 /* Release */,
			);
			defaultConfigurationIsVisible = 0;
			defaultConfigurationName = Release;
		};
		48C30D3319380EC9009E4206 /* Build configuration list for PBXNativeTarget "NativeProjectBootstrapTests" */ = {
			isa = XCConfigurationList;
			buildConfigurations = (
				48C30D3419380EC9009E4206 /* Debug */,
				48C30D3519380EC9009E4206 /* Release */,
			);
			defaultConfigurationIsVisible = 0;
			defaultConfigurationName = Release;
		};
/* End XCConfigurationList section */
	};
	rootObject = 48C30CFC19380EC9009E4206 /* Project object */;
}
